Microsoft Visual Studio Solution File, Format Version 12.00
Project("{9A19103F-16F7-4668-BE54-9A1E7A4F7556}") = "StudyIt.Tests", "StudyIt.Tests\StudyIt.Tests.csproj", "{E22136EC-DA64-4C8D-AB2F-466C5E701828}"
EndProject
Project("{9A19103F-16F7-4668-BE54-9A1E7A4F7556}") = "StudyIt", "StudyIt\StudyIt.csproj", "{091636FF-35C8-4A77-9DD3-F1C44B7236CB}"
EndProject
Project("{2150E333-8FDC-42A3-9474-1A3956D46DE8}") = "BPR2 API", "..\BPR2 API", "{1FBF108E-1400-4463-B499-1CFB0C3D0ABD}"
EndProject
Global
	GlobalSection(SolutionConfigurationPlatforms) = preSolution
		Debug|Any CPU = Debug|Any CPU
		Release|Any CPU = Release|Any CPU
	EndGlobalSection
	GlobalSection(ProjectConfigurationPlatforms) = postSolution
		{E22136EC-DA64-4C8D-AB2F-466C5E701828}.Debug|Any CPU.ActiveCfg = Debug|Any CPU
		{E22136EC-DA64-4C8D-AB2F-466C5E701828}.Debug|Any CPU.Build.0 = Debug|Any CPU
		{E22136EC-DA64-4C8D-AB2F-466C5E701828}.Release|Any CPU.ActiveCfg = Release|Any CPU
		{E22136EC-DA64-4C8D-AB2F-466C5E701828}.Release|Any CPU.Build.0 = Release|Any CPU
		{091636FF-35C8-4A77-9DD3-F1C44B7236CB}.Debug|Any CPU.ActiveCfg = Debug|Any CPU
		{091636FF-35C8-4A77-9DD3-F1C44B7236CB}.Debug|Any CPU.Build.0 = Debug|Any CPU
		{091636FF-35C8-4A77-9DD3-F1C44B7236CB}.Release|Any CPU.ActiveCfg = Release|Any CPU
		{091636FF-35C8-4A77-9DD3-F1C44B7236CB}.Release|Any CPU.Build.0 = Release|Any CPU
	EndGlobalSection
	GlobalSection(SolutionProperties) = preSolution
		HideSolutionNode = FALSE
	EndGlobalSection
	GlobalSection(NestedProjects) = preSolution
	EndGlobalSection
	GlobalSection(ExtensibilityGlobals) = postSolution
		SolutionGuid = {EA2849CD-39B3-46BA-837D-CFC10F98040B}
	EndGlobalSection
EndGlobal
